// !$*UTF8*$!
{
	archiveVersion = 1;
	classes = {
	};
	objectVersion = 56;
	objects = {

/* Begin PBXBuildFile section */
		532441662C04428700659F14 /* Titlebar.swift in Sources */ = {isa = PBXBuildFile; fileRef = 532441652C04428700659F14 /* Titlebar.swift */; };
		532441682C0531C800659F14 /* Rollups.swift in Sources */ = {isa = PBXBuildFile; fileRef = 532441672C0531C800659F14 /* Rollups.swift */; };
		5324416D2C06485800659F14 /* ActivityCalendar.swift in Sources */ = {isa = PBXBuildFile; fileRef = 5324416C2C06485800659F14 /* ActivityCalendar.swift */; };
		5324416F2C067F5D00659F14 /* Assessment.swift in Sources */ = {isa = PBXBuildFile; fileRef = 5324416E2C067F5D00659F14 /* Assessment.swift */; };
		536E4F692C0D77A600FDC1F4 /* ActionType.swift in Sources */ = {isa = PBXBuildFile; fileRef = 536E4F682C0D77A600FDC1F4 /* ActionType.swift */; };
		537582C72BFFB37900CB528C /* Data.xcdatamodeld in Sources */ = {isa = PBXBuildFile; fileRef = 537582C52BFFB37900CB528C /* Data.xcdatamodeld */; };
		537582CC2BFFD70D00CB528C /* RecordDetail.swift in Sources */ = {isa = PBXBuildFile; fileRef = 537582CB2BFFD70D00CB528C /* RecordDetail.swift */; };
		537582CE2BFFEB7500CB528C /* EdgeBorder.swift in Sources */ = {isa = PBXBuildFile; fileRef = 537582CD2BFFEB7500CB528C /* EdgeBorder.swift */; };
		537582D52C0033B800CB528C /* Tabs.swift in Sources */ = {isa = PBXBuildFile; fileRef = 537582D42C0033B800CB528C /* Tabs.swift */; };
		537582D72C004A9600CB528C /* StatusMessage.swift in Sources */ = {isa = PBXBuildFile; fileRef = 537582D62C004A9600CB528C /* StatusMessage.swift */; };
		5387AE892C0143D100EEC581 /* SearchBar.swift in Sources */ = {isa = PBXBuildFile; fileRef = 5387AE882C0143D100EEC581 /* SearchBar.swift */; };
		539134EA2C0269B600B48494 /* EntityType.swift in Sources */ = {isa = PBXBuildFile; fileRef = 539134E92C0269B600B48494 /* EntityType.swift */; };
		539134EC2C02883000B48494 /* PersonDetail.swift in Sources */ = {isa = PBXBuildFile; fileRef = 539134EB2C02883000B48494 /* PersonDetail.swift */; };
		539134EE2C028F6900B48494 /* ProjectDetail.swift in Sources */ = {isa = PBXBuildFile; fileRef = 539134ED2C028F6900B48494 /* ProjectDetail.swift */; };
		539134F02C02C44000B48494 /* Swipe.swift in Sources */ = {isa = PBXBuildFile; fileRef = 539134EF2C02C44000B48494 /* Swipe.swift */; };
		539134F22C03879E00B48494 /* Find.swift in Sources */ = {isa = PBXBuildFile; fileRef = 539134F12C03879E00B48494 /* Find.swift */; };
		539134F42C0391F000B48494 /* Projects.swift in Sources */ = {isa = PBXBuildFile; fileRef = 539134F32C0391F000B48494 /* Projects.swift */; };
		539134F62C039F2600B48494 /* People.swift in Sources */ = {isa = PBXBuildFile; fileRef = 539134F52C039F2600B48494 /* People.swift */; };
		539134F82C039F3100B48494 /* Records.swift in Sources */ = {isa = PBXBuildFile; fileRef = 539134F72C039F3100B48494 /* Records.swift */; };
		539134FA2C03A38500B48494 /* SearchLanguage.swift in Sources */ = {isa = PBXBuildFile; fileRef = 539134F92C03A38500B48494 /* SearchLanguage.swift */; };
		539134FC2C03A8EC00B48494 /* QueryField.swift in Sources */ = {isa = PBXBuildFile; fileRef = 539134FB2C03A8EC00B48494 /* QueryField.swift */; };
		539134FE2C03AA4F00B48494 /* QueryFieldSelectJob.swift in Sources */ = {isa = PBXBuildFile; fileRef = 539134FD2C03AA4F00B48494 /* QueryFieldSelectJob.swift */; };
		539135002C03AD9A00B48494 /* ListRow.swift in Sources */ = {isa = PBXBuildFile; fileRef = 539134FF2C03AD9A00B48494 /* ListRow.swift */; };
		539135032C03EF6E00B48494 /* SearchLibrary.swift in Sources */ = {isa = PBXBuildFile; fileRef = 539135022C03EF6E00B48494 /* SearchLibrary.swift */; };
		539135052C040D7500B48494 /* MiniTitleBar.swift in Sources */ = {isa = PBXBuildFile; fileRef = 539135042C040D7500B48494 /* MiniTitleBar.swift */; };
		53D4CB572BFE930100AFEDEA /* KlockWork_iOSApp.swift in Sources */ = {isa = PBXBuildFile; fileRef = 53D4CB562BFE930100AFEDEA /* KlockWork_iOSApp.swift */; };
		53D4CB642BFE930300AFEDEA /* Preview Assets.xcassets in Resources */ = {isa = PBXBuildFile; fileRef = 53D4CB632BFE930300AFEDEA /* Preview Assets.xcassets */; };
		53D4CB7B2BFE93B000AFEDEA /* Main.swift in Sources */ = {isa = PBXBuildFile; fileRef = 53D4CB6A2BFE93B000AFEDEA /* Main.swift */; };
		53D4CB7C2BFE93B000AFEDEA /* AppSettings.swift in Sources */ = {isa = PBXBuildFile; fileRef = 53D4CB6B2BFE93B000AFEDEA /* AppSettings.swift */; };
		53D4CB7D2BFE93B000AFEDEA /* Explore.swift in Sources */ = {isa = PBXBuildFile; fileRef = 53D4CB6C2BFE93B000AFEDEA /* Explore.swift */; };
		53D4CB7E2BFE93B000AFEDEA /* Planning.swift in Sources */ = {isa = PBXBuildFile; fileRef = 53D4CB6D2BFE93B000AFEDEA /* Planning.swift */; };
		53D4CB7F2BFE93B000AFEDEA /* Today.swift in Sources */ = {isa = PBXBuildFile; fileRef = 53D4CB6E2BFE93B000AFEDEA /* Today.swift */; };
		53D4CB802BFE93B000AFEDEA /* CompanyDetail.swift in Sources */ = {isa = PBXBuildFile; fileRef = 53D4CB702BFE93B000AFEDEA /* CompanyDetail.swift */; };
		53D4CB812BFE93B000AFEDEA /* Item.swift in Sources */ = {isa = PBXBuildFile; fileRef = 53D4CB712BFE93B000AFEDEA /* Item.swift */; };
		53D4CB822BFE93B000AFEDEA /* JobDetail.swift in Sources */ = {isa = PBXBuildFile; fileRef = 53D4CB722BFE93B000AFEDEA /* JobDetail.swift */; };
		53D4CB832BFE93B000AFEDEA /* NoteDetail.swift in Sources */ = {isa = PBXBuildFile; fileRef = 53D4CB732BFE93B000AFEDEA /* NoteDetail.swift */; };
		53D4CB842BFE93B000AFEDEA /* TaskDetail.swift in Sources */ = {isa = PBXBuildFile; fileRef = 53D4CB742BFE93B000AFEDEA /* TaskDetail.swift */; };
		53D4CB852BFE93B000AFEDEA /* Companies.swift in Sources */ = {isa = PBXBuildFile; fileRef = 53D4CB762BFE93B000AFEDEA /* Companies.swift */; };
		53D4CB862BFE93B000AFEDEA /* Jobs.swift in Sources */ = {isa = PBXBuildFile; fileRef = 53D4CB772BFE93B000AFEDEA /* Jobs.swift */; };
		53D4CB872BFE93B000AFEDEA /* Notes.swift in Sources */ = {isa = PBXBuildFile; fileRef = 53D4CB782BFE93B000AFEDEA /* Notes.swift */; };
		53D4CB882BFE93B000AFEDEA /* Tasks.swift in Sources */ = {isa = PBXBuildFile; fileRef = 53D4CB792BFE93B000AFEDEA /* Tasks.swift */; };
		53D4CBAC2BFE947900AFEDEA /* Theme.swift in Sources */ = {isa = PBXBuildFile; fileRef = 53D4CBAB2BFE947900AFEDEA /* Theme.swift */; };
		53D4CBC52BFE94C900AFEDEA /* DateHelper.swift in Sources */ = {isa = PBXBuildFile; fileRef = 53D4CBC32BFE94C900AFEDEA /* DateHelper.swift */; };
		53D4CBC62BFE94C900AFEDEA /* CustomPickerItem.swift in Sources */ = {isa = PBXBuildFile; fileRef = 53D4CBC42BFE94C900AFEDEA /* CustomPickerItem.swift */; };
		53D4CBCA2BFE955000AFEDEA /* SaveSource.swift in Sources */ = {isa = PBXBuildFile; fileRef = 53D4CBC92BFE955000AFEDEA /* SaveSource.swift */; };
		53E3A2672C06B4DA004A85C3 /* Trends.swift in Sources */ = {isa = PBXBuildFile; fileRef = 53E3A2662C06B4DA004A85C3 /* Trends.swift */; };
		53E3A26B2C098A50004A85C3 /* CDAssessmentFactor.swift in Sources */ = {isa = PBXBuildFile; fileRef = 53E3A26A2C098A50004A85C3 /* CDAssessmentFactor.swift */; };
		53E3A26E2C098DA8004A85C3 /* AssessmentFactorForm.swift in Sources */ = {isa = PBXBuildFile; fileRef = 53E3A26D2C098DA8004A85C3 /* AssessmentFactorForm.swift */; };
		53E50C092C0E5F5800A85FDC /* Assessables.swift in Sources */ = {isa = PBXBuildFile; fileRef = 53E50C082C0E5F5800A85FDC /* Assessables.swift */; };
		53E50C0B2C0E5FA400A85FDC /* FactorProxy.swift in Sources */ = {isa = PBXBuildFile; fileRef = 53E50C0A2C0E5FA400A85FDC /* FactorProxy.swift */; };
		53E50C0F2C0E607600A85FDC /* ActivityWeight.swift in Sources */ = {isa = PBXBuildFile; fileRef = 53E50C0E2C0E607600A85FDC /* ActivityWeight.swift */; };
		53E50C112C0E60A800A85FDC /* Month.swift in Sources */ = {isa = PBXBuildFile; fileRef = 53E50C102C0E60A800A85FDC /* Month.swift */; };
		53E50C132C0E60ED00A85FDC /* Day.swift in Sources */ = {isa = PBXBuildFile; fileRef = 53E50C122C0E60ED00A85FDC /* Day.swift */; };
		53E50C152C0E617100A85FDC /* Panel.swift in Sources */ = {isa = PBXBuildFile; fileRef = 53E50C142C0E617100A85FDC /* Panel.swift */; };
		53E50C172C0E619C00A85FDC /* OverviewWidget.swift in Sources */ = {isa = PBXBuildFile; fileRef = 53E50C162C0E619C00A85FDC /* OverviewWidget.swift */; };
		53E50C192C0E61DB00A85FDC /* Legend.swift in Sources */ = {isa = PBXBuildFile; fileRef = 53E50C182C0E61DB00A85FDC /* Legend.swift */; };
		53E50C1B2C0E635A00A85FDC /* Factors.swift in Sources */ = {isa = PBXBuildFile; fileRef = 53E50C1A2C0E635A00A85FDC /* Factors.swift */; };
		53E50C1D2C0E638100A85FDC /* Factor.swift in Sources */ = {isa = PBXBuildFile; fileRef = 53E50C1C2C0E638100A85FDC /* Factor.swift */; };
		53E50C1F2C0E6ABE00A85FDC /* Rainbow.swift in Sources */ = {isa = PBXBuildFile; fileRef = 53E50C1E2C0E6ABE00A85FDC /* Rainbow.swift */; };
		53F926042BFE9B2400948076 /* PersistenceController.swift in Sources */ = {isa = PBXBuildFile; fileRef = 53D4CBCC2BFE97CC00AFEDEA /* PersistenceController.swift */; };
		53F926062BFE9BF300948076 /* CoreDataCalendarEvent.swift in Sources */ = {isa = PBXBuildFile; fileRef = 53D4CBB12BFE94A200AFEDEA /* CoreDataCalendarEvent.swift */; };
		53F926072BFE9BF300948076 /* CoreDataCompanies.swift in Sources */ = {isa = PBXBuildFile; fileRef = 53D4CBB72BFE94A300AFEDEA /* CoreDataCompanies.swift */; };
		53F926082BFE9BF300948076 /* CoreDataJob.swift in Sources */ = {isa = PBXBuildFile; fileRef = 53D4CBB62BFE94A300AFEDEA /* CoreDataJob.swift */; };
		53F926092BFE9BF300948076 /* CoreDataNotes.swift in Sources */ = {isa = PBXBuildFile; fileRef = 53D4CBB02BFE94A200AFEDEA /* CoreDataNotes.swift */; };
		53F9260A2BFE9BF300948076 /* CoreDataNoteVersions.swift in Sources */ = {isa = PBXBuildFile; fileRef = 53D4CBAE2BFE94A200AFEDEA /* CoreDataNoteVersions.swift */; };
		53F9260B2BFE9BF300948076 /* CoreDataPerson.swift in Sources */ = {isa = PBXBuildFile; fileRef = 53D4CBB32BFE94A300AFEDEA /* CoreDataPerson.swift */; };
		53F9260C2BFE9BF300948076 /* CoreDataPlan.swift in Sources */ = {isa = PBXBuildFile; fileRef = 53D4CBAD2BFE94A200AFEDEA /* CoreDataPlan.swift */; };
		53F9260D2BFE9BF300948076 /* CoreDataProjectConfiguration.swift in Sources */ = {isa = PBXBuildFile; fileRef = 53D4CBAF2BFE94A200AFEDEA /* CoreDataProjectConfiguration.swift */; };
		53F9260E2BFE9BF300948076 /* CoreDataProjects.swift in Sources */ = {isa = PBXBuildFile; fileRef = 53D4CBB42BFE94A300AFEDEA /* CoreDataProjects.swift */; };
		53F9260F2BFE9BF400948076 /* CoreDataRecords.swift in Sources */ = {isa = PBXBuildFile; fileRef = 53D4CBB52BFE94A300AFEDEA /* CoreDataRecords.swift */; };
		53F926102BFE9BF400948076 /* CoreDataTasks.swift in Sources */ = {isa = PBXBuildFile; fileRef = 53D4CBB22BFE94A300AFEDEA /* CoreDataTasks.swift */; };
		53F926292BFEA00E00948076 /* Project.swift in Sources */ = {isa = PBXBuildFile; fileRef = 53F9261F2BFEA00E00948076 /* Project.swift */; };
		53F9262A2BFEA00E00948076 /* Job.swift in Sources */ = {isa = PBXBuildFile; fileRef = 53F926202BFEA00E00948076 /* Job.swift */; };
		53F9262B2BFEA00E00948076 /* EKEvent.swift in Sources */ = {isa = PBXBuildFile; fileRef = 53F926212BFEA00E00948076 /* EKEvent.swift */; };
		53F9262C2BFEA00E00948076 /* LosslessStringConvertible.swift in Sources */ = {isa = PBXBuildFile; fileRef = 53F926222BFEA00E00948076 /* LosslessStringConvertible.swift */; };
		53F9262D2BFEA00E00948076 /* Plan.swift in Sources */ = {isa = PBXBuildFile; fileRef = 53F926232BFEA00E00948076 /* Plan.swift */; };
		53F9262E2BFEA00E00948076 /* Color.swift in Sources */ = {isa = PBXBuildFile; fileRef = 53F926242BFEA00E00948076 /* Color.swift */; };
		53F9262F2BFEA00E00948076 /* DispatchQueue.swift in Sources */ = {isa = PBXBuildFile; fileRef = 53F926252BFEA00E00948076 /* DispatchQueue.swift */; };
		53F926302BFEA00E00948076 /* View.swift in Sources */ = {isa = PBXBuildFile; fileRef = 53F926262BFEA00E00948076 /* View.swift */; };
		53F926312BFEA00E00948076 /* Date.swift in Sources */ = {isa = PBXBuildFile; fileRef = 53F926272BFEA00E00948076 /* Date.swift */; };
		53F926322BFEA00E00948076 /* String.swift in Sources */ = {isa = PBXBuildFile; fileRef = 53F926282BFEA00E00948076 /* String.swift */; };
		53F926342BFEA0F900948076 /* Assets.xcassets in Resources */ = {isa = PBXBuildFile; fileRef = 53F926332BFEA0F900948076 /* Assets.xcassets */; };
/* End PBXBuildFile section */

/* Begin PBXFileReference section */
		532441652C04428700659F14 /* Titlebar.swift */ = {isa = PBXFileReference; lastKnownFileType = sourcecode.swift; path = Titlebar.swift; sourceTree = "<group>"; };
		532441672C0531C800659F14 /* Rollups.swift */ = {isa = PBXFileReference; lastKnownFileType = sourcecode.swift; path = Rollups.swift; sourceTree = "<group>"; };
		5324416C2C06485800659F14 /* ActivityCalendar.swift */ = {isa = PBXFileReference; lastKnownFileType = sourcecode.swift; path = ActivityCalendar.swift; sourceTree = "<group>"; };
		5324416E2C067F5D00659F14 /* Assessment.swift */ = {isa = PBXFileReference; lastKnownFileType = sourcecode.swift; path = Assessment.swift; sourceTree = "<group>"; };
		536E4F682C0D77A600FDC1F4 /* ActionType.swift */ = {isa = PBXFileReference; lastKnownFileType = sourcecode.swift; path = ActionType.swift; sourceTree = "<group>"; };
		537582C62BFFB37900CB528C /* Note.xcdatamodel */ = {isa = PBXFileReference; lastKnownFileType = wrapper.xcdatamodel; path = Note.xcdatamodel; sourceTree = "<group>"; };
		537582CB2BFFD70D00CB528C /* RecordDetail.swift */ = {isa = PBXFileReference; lastKnownFileType = sourcecode.swift; path = RecordDetail.swift; sourceTree = "<group>"; };
		537582CD2BFFEB7500CB528C /* EdgeBorder.swift */ = {isa = PBXFileReference; lastKnownFileType = sourcecode.swift; name = EdgeBorder.swift; path = ../../DLPrototype/DLPrototype/Views/Shared/EdgeBorder.swift; sourceTree = "<group>"; };
		537582CF2BFFFB7300CB528C /* Info.plist */ = {isa = PBXFileReference; lastKnownFileType = text.plist; path = Info.plist; sourceTree = "<group>"; };
		537582D02C00332600CB528C /* FancyGenericToolbar.swift */ = {isa = PBXFileReference; lastKnownFileType = sourcecode.swift; name = FancyGenericToolbar.swift; path = ../../DLPrototype/DLPrototype/Views/Shared/Fancy/FancyGenericToolbar.swift; sourceTree = "<group>"; };
		537582D42C0033B800CB528C /* Tabs.swift */ = {isa = PBXFileReference; lastKnownFileType = sourcecode.swift; path = Tabs.swift; sourceTree = "<group>"; };
		537582D62C004A9600CB528C /* StatusMessage.swift */ = {isa = PBXFileReference; lastKnownFileType = sourcecode.swift; path = StatusMessage.swift; sourceTree = "<group>"; };
		5387AE882C0143D100EEC581 /* SearchBar.swift */ = {isa = PBXFileReference; lastKnownFileType = sourcecode.swift; path = SearchBar.swift; sourceTree = "<group>"; };
		539134E92C0269B600B48494 /* EntityType.swift */ = {isa = PBXFileReference; lastKnownFileType = sourcecode.swift; path = EntityType.swift; sourceTree = "<group>"; };
		539134EB2C02883000B48494 /* PersonDetail.swift */ = {isa = PBXFileReference; lastKnownFileType = sourcecode.swift; path = PersonDetail.swift; sourceTree = "<group>"; };
		539134ED2C028F6900B48494 /* ProjectDetail.swift */ = {isa = PBXFileReference; lastKnownFileType = sourcecode.swift; path = ProjectDetail.swift; sourceTree = "<group>"; };
		539134EF2C02C44000B48494 /* Swipe.swift */ = {isa = PBXFileReference; lastKnownFileType = sourcecode.swift; path = Swipe.swift; sourceTree = "<group>"; };
		539134F12C03879E00B48494 /* Find.swift */ = {isa = PBXFileReference; lastKnownFileType = sourcecode.swift; path = Find.swift; sourceTree = "<group>"; };
		539134F32C0391F000B48494 /* Projects.swift */ = {isa = PBXFileReference; lastKnownFileType = sourcecode.swift; path = Projects.swift; sourceTree = "<group>"; };
		539134F52C039F2600B48494 /* People.swift */ = {isa = PBXFileReference; lastKnownFileType = sourcecode.swift; path = People.swift; sourceTree = "<group>"; };
		539134F72C039F3100B48494 /* Records.swift */ = {isa = PBXFileReference; lastKnownFileType = sourcecode.swift; path = Records.swift; sourceTree = "<group>"; };
		539134F92C03A38500B48494 /* SearchLanguage.swift */ = {isa = PBXFileReference; lastKnownFileType = sourcecode.swift; name = SearchLanguage.swift; path = ../../DLPrototype/DLPrototype/Parsers/SearchLanguage.swift; sourceTree = "<group>"; };
		539134FB2C03A8EC00B48494 /* QueryField.swift */ = {isa = PBXFileReference; lastKnownFileType = sourcecode.swift; path = QueryField.swift; sourceTree = "<group>"; };
		539134FD2C03AA4F00B48494 /* QueryFieldSelectJob.swift */ = {isa = PBXFileReference; lastKnownFileType = sourcecode.swift; path = QueryFieldSelectJob.swift; sourceTree = "<group>"; };
		539134FF2C03AD9A00B48494 /* ListRow.swift */ = {isa = PBXFileReference; lastKnownFileType = sourcecode.swift; path = ListRow.swift; sourceTree = "<group>"; };
		539135022C03EF6E00B48494 /* SearchLibrary.swift */ = {isa = PBXFileReference; lastKnownFileType = sourcecode.swift; path = SearchLibrary.swift; sourceTree = "<group>"; };
		539135042C040D7500B48494 /* MiniTitleBar.swift */ = {isa = PBXFileReference; lastKnownFileType = sourcecode.swift; path = MiniTitleBar.swift; sourceTree = "<group>"; };
		53D4CB532BFE930100AFEDEA /* KlockWork-iOS.app */ = {isa = PBXFileReference; explicitFileType = wrapper.application; includeInIndex = 0; path = "KlockWork-iOS.app"; sourceTree = BUILT_PRODUCTS_DIR; };
		53D4CB562BFE930100AFEDEA /* KlockWork_iOSApp.swift */ = {isa = PBXFileReference; lastKnownFileType = sourcecode.swift; path = KlockWork_iOSApp.swift; sourceTree = "<group>"; };
		53D4CB612BFE930300AFEDEA /* KlockWork_iOS.entitlements */ = {isa = PBXFileReference; lastKnownFileType = text.plist.entitlements; path = KlockWork_iOS.entitlements; sourceTree = "<group>"; };
		53D4CB632BFE930300AFEDEA /* Preview Assets.xcassets */ = {isa = PBXFileReference; lastKnownFileType = folder.assetcatalog; path = "Preview Assets.xcassets"; sourceTree = "<group>"; };
		53D4CB6A2BFE93B000AFEDEA /* Main.swift */ = {isa = PBXFileReference; fileEncoding = 4; lastKnownFileType = sourcecode.swift; path = Main.swift; sourceTree = "<group>"; };
		53D4CB6B2BFE93B000AFEDEA /* AppSettings.swift */ = {isa = PBXFileReference; fileEncoding = 4; lastKnownFileType = sourcecode.swift; path = AppSettings.swift; sourceTree = "<group>"; };
		53D4CB6C2BFE93B000AFEDEA /* Explore.swift */ = {isa = PBXFileReference; fileEncoding = 4; lastKnownFileType = sourcecode.swift; path = Explore.swift; sourceTree = "<group>"; };
		53D4CB6D2BFE93B000AFEDEA /* Planning.swift */ = {isa = PBXFileReference; fileEncoding = 4; lastKnownFileType = sourcecode.swift; path = Planning.swift; sourceTree = "<group>"; };
		53D4CB6E2BFE93B000AFEDEA /* Today.swift */ = {isa = PBXFileReference; fileEncoding = 4; lastKnownFileType = sourcecode.swift; path = Today.swift; sourceTree = "<group>"; };
		53D4CB702BFE93B000AFEDEA /* CompanyDetail.swift */ = {isa = PBXFileReference; fileEncoding = 4; lastKnownFileType = sourcecode.swift; path = CompanyDetail.swift; sourceTree = "<group>"; };
		53D4CB712BFE93B000AFEDEA /* Item.swift */ = {isa = PBXFileReference; fileEncoding = 4; lastKnownFileType = sourcecode.swift; path = Item.swift; sourceTree = "<group>"; };
		53D4CB722BFE93B000AFEDEA /* JobDetail.swift */ = {isa = PBXFileReference; fileEncoding = 4; lastKnownFileType = sourcecode.swift; path = JobDetail.swift; sourceTree = "<group>"; };
		53D4CB732BFE93B000AFEDEA /* NoteDetail.swift */ = {isa = PBXFileReference; fileEncoding = 4; lastKnownFileType = sourcecode.swift; path = NoteDetail.swift; sourceTree = "<group>"; };
		53D4CB742BFE93B000AFEDEA /* TaskDetail.swift */ = {isa = PBXFileReference; fileEncoding = 4; lastKnownFileType = sourcecode.swift; path = TaskDetail.swift; sourceTree = "<group>"; };
		53D4CB762BFE93B000AFEDEA /* Companies.swift */ = {isa = PBXFileReference; fileEncoding = 4; lastKnownFileType = sourcecode.swift; path = Companies.swift; sourceTree = "<group>"; };
		53D4CB772BFE93B000AFEDEA /* Jobs.swift */ = {isa = PBXFileReference; fileEncoding = 4; lastKnownFileType = sourcecode.swift; path = Jobs.swift; sourceTree = "<group>"; };
		53D4CB782BFE93B000AFEDEA /* Notes.swift */ = {isa = PBXFileReference; fileEncoding = 4; lastKnownFileType = sourcecode.swift; path = Notes.swift; sourceTree = "<group>"; };
		53D4CB792BFE93B000AFEDEA /* Tasks.swift */ = {isa = PBXFileReference; fileEncoding = 4; lastKnownFileType = sourcecode.swift; path = Tasks.swift; sourceTree = "<group>"; };
		53D4CBAB2BFE947900AFEDEA /* Theme.swift */ = {isa = PBXFileReference; lastKnownFileType = sourcecode.swift; name = Theme.swift; path = ../../DLPrototype/DLPrototype/Views/Shared/Theme.swift; sourceTree = "<group>"; };
		53D4CBAD2BFE94A200AFEDEA /* CoreDataPlan.swift */ = {isa = PBXFileReference; lastKnownFileType = sourcecode.swift; name = CoreDataPlan.swift; path = ../../DLPrototype/DLPrototype/Models/CoreData/CoreDataPlan.swift; sourceTree = "<group>"; };
		53D4CBAE2BFE94A200AFEDEA /* CoreDataNoteVersions.swift */ = {isa = PBXFileReference; lastKnownFileType = sourcecode.swift; name = CoreDataNoteVersions.swift; path = ../../DLPrototype/DLPrototype/Models/CoreData/CoreDataNoteVersions.swift; sourceTree = "<group>"; };
		53D4CBAF2BFE94A200AFEDEA /* CoreDataProjectConfiguration.swift */ = {isa = PBXFileReference; lastKnownFileType = sourcecode.swift; name = CoreDataProjectConfiguration.swift; path = ../../DLPrototype/DLPrototype/Models/CoreData/CoreDataProjectConfiguration.swift; sourceTree = "<group>"; };
		53D4CBB02BFE94A200AFEDEA /* CoreDataNotes.swift */ = {isa = PBXFileReference; lastKnownFileType = sourcecode.swift; name = CoreDataNotes.swift; path = ../../DLPrototype/DLPrototype/Models/CoreData/CoreDataNotes.swift; sourceTree = "<group>"; };
		53D4CBB12BFE94A200AFEDEA /* CoreDataCalendarEvent.swift */ = {isa = PBXFileReference; lastKnownFileType = sourcecode.swift; name = CoreDataCalendarEvent.swift; path = ../../DLPrototype/DLPrototype/Models/CoreData/CoreDataCalendarEvent.swift; sourceTree = "<group>"; };
		53D4CBB22BFE94A300AFEDEA /* CoreDataTasks.swift */ = {isa = PBXFileReference; lastKnownFileType = sourcecode.swift; name = CoreDataTasks.swift; path = ../../DLPrototype/DLPrototype/Models/CoreData/CoreDataTasks.swift; sourceTree = "<group>"; };
		53D4CBB32BFE94A300AFEDEA /* CoreDataPerson.swift */ = {isa = PBXFileReference; lastKnownFileType = sourcecode.swift; name = CoreDataPerson.swift; path = ../../DLPrototype/DLPrototype/Models/CoreData/CoreDataPerson.swift; sourceTree = "<group>"; };
		53D4CBB42BFE94A300AFEDEA /* CoreDataProjects.swift */ = {isa = PBXFileReference; lastKnownFileType = sourcecode.swift; name = CoreDataProjects.swift; path = ../../DLPrototype/DLPrototype/Models/CoreData/CoreDataProjects.swift; sourceTree = "<group>"; };
		53D4CBB52BFE94A300AFEDEA /* CoreDataRecords.swift */ = {isa = PBXFileReference; lastKnownFileType = sourcecode.swift; name = CoreDataRecords.swift; path = ../../DLPrototype/DLPrototype/Models/CoreData/CoreDataRecords.swift; sourceTree = "<group>"; };
		53D4CBB62BFE94A300AFEDEA /* CoreDataJob.swift */ = {isa = PBXFileReference; lastKnownFileType = sourcecode.swift; name = CoreDataJob.swift; path = ../../DLPrototype/DLPrototype/Models/CoreData/CoreDataJob.swift; sourceTree = "<group>"; };
		53D4CBB72BFE94A300AFEDEA /* CoreDataCompanies.swift */ = {isa = PBXFileReference; lastKnownFileType = sourcecode.swift; name = CoreDataCompanies.swift; path = ../../DLPrototype/DLPrototype/Models/CoreData/CoreDataCompanies.swift; sourceTree = "<group>"; };
		53D4CBC32BFE94C900AFEDEA /* DateHelper.swift */ = {isa = PBXFileReference; lastKnownFileType = sourcecode.swift; name = DateHelper.swift; path = ../../DLPrototype/DLPrototype/Helpers/DateHelper.swift; sourceTree = "<group>"; };
		53D4CBC42BFE94C900AFEDEA /* CustomPickerItem.swift */ = {isa = PBXFileReference; lastKnownFileType = sourcecode.swift; name = CustomPickerItem.swift; path = ../../DLPrototype/DLPrototype/Views/Shared/CustomPickerItem.swift; sourceTree = "<group>"; };
		53D4CBC92BFE955000AFEDEA /* SaveSource.swift */ = {isa = PBXFileReference; lastKnownFileType = sourcecode.swift; name = SaveSource.swift; path = ../../DLPrototype/DLPrototype/Enums/SaveSource.swift; sourceTree = "<group>"; };
		53D4CBCC2BFE97CC00AFEDEA /* PersistenceController.swift */ = {isa = PBXFileReference; lastKnownFileType = sourcecode.swift; path = PersistenceController.swift; sourceTree = "<group>"; };
		53D4CBCE2BFE97CC00AFEDEA /* Note.xcdatamodel */ = {isa = PBXFileReference; lastKnownFileType = wrapper.xcdatamodel; path = Note.xcdatamodel; sourceTree = "<group>"; };
		53E3A2662C06B4DA004A85C3 /* Trends.swift */ = {isa = PBXFileReference; lastKnownFileType = sourcecode.swift; path = Trends.swift; sourceTree = "<group>"; };
		53E3A26A2C098A50004A85C3 /* CDAssessmentFactor.swift */ = {isa = PBXFileReference; lastKnownFileType = sourcecode.swift; name = CDAssessmentFactor.swift; path = ../../DLPrototype/DLPrototype/Models/CoreData/CDAssessmentFactor.swift; sourceTree = "<group>"; };
		53E3A26D2C098DA8004A85C3 /* AssessmentFactorForm.swift */ = {isa = PBXFileReference; lastKnownFileType = sourcecode.swift; path = AssessmentFactorForm.swift; sourceTree = "<group>"; };
		53E50C082C0E5F5800A85FDC /* Assessables.swift */ = {isa = PBXFileReference; lastKnownFileType = sourcecode.swift; path = Assessables.swift; sourceTree = "<group>"; };
		53E50C0A2C0E5FA400A85FDC /* FactorProxy.swift */ = {isa = PBXFileReference; lastKnownFileType = sourcecode.swift; path = FactorProxy.swift; sourceTree = "<group>"; };
		53E50C0E2C0E607600A85FDC /* ActivityWeight.swift */ = {isa = PBXFileReference; lastKnownFileType = sourcecode.swift; path = ActivityWeight.swift; sourceTree = "<group>"; };
		53E50C102C0E60A800A85FDC /* Month.swift */ = {isa = PBXFileReference; lastKnownFileType = sourcecode.swift; path = Month.swift; sourceTree = "<group>"; };
		53E50C122C0E60ED00A85FDC /* Day.swift */ = {isa = PBXFileReference; lastKnownFileType = sourcecode.swift; path = Day.swift; sourceTree = "<group>"; };
		53E50C142C0E617100A85FDC /* Panel.swift */ = {isa = PBXFileReference; lastKnownFileType = sourcecode.swift; path = Panel.swift; sourceTree = "<group>"; };
		53E50C162C0E619C00A85FDC /* OverviewWidget.swift */ = {isa = PBXFileReference; lastKnownFileType = sourcecode.swift; path = OverviewWidget.swift; sourceTree = "<group>"; };
		53E50C182C0E61DB00A85FDC /* Legend.swift */ = {isa = PBXFileReference; lastKnownFileType = sourcecode.swift; path = Legend.swift; sourceTree = "<group>"; };
		53E50C1A2C0E635A00A85FDC /* Factors.swift */ = {isa = PBXFileReference; lastKnownFileType = sourcecode.swift; path = Factors.swift; sourceTree = "<group>"; };
		53E50C1C2C0E638100A85FDC /* Factor.swift */ = {isa = PBXFileReference; lastKnownFileType = sourcecode.swift; path = Factor.swift; sourceTree = "<group>"; };
		53E50C1E2C0E6ABE00A85FDC /* Rainbow.swift */ = {isa = PBXFileReference; lastKnownFileType = sourcecode.swift; path = Rainbow.swift; sourceTree = "<group>"; };
		53F9261F2BFEA00E00948076 /* Project.swift */ = {isa = PBXFileReference; lastKnownFileType = sourcecode.swift; name = Project.swift; path = ../../DLPrototype/DLPrototype/Extensions/Models/Project.swift; sourceTree = "<group>"; };
		53F926202BFEA00E00948076 /* Job.swift */ = {isa = PBXFileReference; lastKnownFileType = sourcecode.swift; name = Job.swift; path = ../../DLPrototype/DLPrototype/Extensions/Models/Job.swift; sourceTree = "<group>"; };
		53F926212BFEA00E00948076 /* EKEvent.swift */ = {isa = PBXFileReference; lastKnownFileType = sourcecode.swift; name = EKEvent.swift; path = ../../DLPrototype/DLPrototype/Extensions/EKEvent.swift; sourceTree = "<group>"; };
		53F926222BFEA00E00948076 /* LosslessStringConvertible.swift */ = {isa = PBXFileReference; lastKnownFileType = sourcecode.swift; name = LosslessStringConvertible.swift; path = ../../DLPrototype/DLPrototype/Extensions/LosslessStringConvertible.swift; sourceTree = "<group>"; };
		53F926232BFEA00E00948076 /* Plan.swift */ = {isa = PBXFileReference; lastKnownFileType = sourcecode.swift; name = Plan.swift; path = ../../DLPrototype/DLPrototype/Extensions/Models/Plan.swift; sourceTree = "<group>"; };
		53F926242BFEA00E00948076 /* Color.swift */ = {isa = PBXFileReference; lastKnownFileType = sourcecode.swift; name = Color.swift; path = ../../DLPrototype/DLPrototype/Extensions/Color.swift; sourceTree = "<group>"; };
		53F926252BFEA00E00948076 /* DispatchQueue.swift */ = {isa = PBXFileReference; lastKnownFileType = sourcecode.swift; name = DispatchQueue.swift; path = ../../DLPrototype/DLPrototype/Extensions/DispatchQueue.swift; sourceTree = "<group>"; };
		53F926262BFEA00E00948076 /* View.swift */ = {isa = PBXFileReference; lastKnownFileType = sourcecode.swift; name = View.swift; path = ../../DLPrototype/DLPrototype/Extensions/View.swift; sourceTree = "<group>"; };
		53F926272BFEA00E00948076 /* Date.swift */ = {isa = PBXFileReference; lastKnownFileType = sourcecode.swift; name = Date.swift; path = ../../DLPrototype/DLPrototype/Extensions/Date.swift; sourceTree = "<group>"; };
		53F926282BFEA00E00948076 /* String.swift */ = {isa = PBXFileReference; lastKnownFileType = sourcecode.swift; name = String.swift; path = ../../DLPrototype/DLPrototype/Extensions/String.swift; sourceTree = "<group>"; };
		53F926332BFEA0F900948076 /* Assets.xcassets */ = {isa = PBXFileReference; lastKnownFileType = folder.assetcatalog; name = Assets.xcassets; path = ../../DLPrototype/DLPrototype/Assets.xcassets; sourceTree = "<group>"; };
/* End PBXFileReference section */

/* Begin PBXFrameworksBuildPhase section */
		53D4CB502BFE930100AFEDEA /* Frameworks */ = {
			isa = PBXFrameworksBuildPhase;
			buildActionMask = 2147483647;
			files = (
			);
			runOnlyForDeploymentPostprocessing = 0;
		};
/* End PBXFrameworksBuildPhase section */

/* Begin PBXGroup section */
		532441692C05354A00659F14 /* Extensions */ = {
			isa = PBXGroup;
			children = (
			);
			path = Extensions;
			sourceTree = "<group>";
		};
		537582D32C00338E00CB528C /* SharedViews */ = {
			isa = PBXGroup;
			children = (
				537582D42C0033B800CB528C /* Tabs.swift */,
				537582D62C004A9600CB528C /* StatusMessage.swift */,
				5387AE882C0143D100EEC581 /* SearchBar.swift */,
				539134EF2C02C44000B48494 /* Swipe.swift */,
				539134FB2C03A8EC00B48494 /* QueryField.swift */,
				539134FD2C03AA4F00B48494 /* QueryFieldSelectJob.swift */,
				539134FF2C03AD9A00B48494 /* ListRow.swift */,
				539135042C040D7500B48494 /* MiniTitleBar.swift */,
				532441652C04428700659F14 /* Titlebar.swift */,
				532441672C0531C800659F14 /* Rollups.swift */,
				5324416C2C06485800659F14 /* ActivityCalendar.swift */,
				53E3A2662C06B4DA004A85C3 /* Trends.swift */,
				53E50C1E2C0E6ABE00A85FDC /* Rainbow.swift */,
			);
			path = SharedViews;
			sourceTree = "<group>";
		};
		539134E82C0269A200B48494 /* SharedEnums */ = {
			isa = PBXGroup;
			children = (
				539134E92C0269B600B48494 /* EntityType.swift */,
				536E4F682C0D77A600FDC1F4 /* ActionType.swift */,
				53E50C0E2C0E607600A85FDC /* ActivityWeight.swift */,
			);
			path = SharedEnums;
			sourceTree = "<group>";
		};
		539135012C03EF0300B48494 /* Libraries */ = {
			isa = PBXGroup;
			children = (
				53E50C072C0E5F4800A85FDC /* Assessment */,
				539135022C03EF6E00B48494 /* SearchLibrary.swift */,
			);
			path = Libraries;
			sourceTree = "<group>";
		};
		53D4CB4A2BFE930100AFEDEA = {
			isa = PBXGroup;
			children = (
				53E3A26A2C098A50004A85C3 /* CDAssessmentFactor.swift */,
				539134F92C03A38500B48494 /* SearchLanguage.swift */,
				537582D02C00332600CB528C /* FancyGenericToolbar.swift */,
				537582CD2BFFEB7500CB528C /* EdgeBorder.swift */,
				537582C52BFFB37900CB528C /* Data.xcdatamodeld */,
				53F926332BFEA0F900948076 /* Assets.xcassets */,
				53F926242BFEA00E00948076 /* Color.swift */,
				53F926272BFEA00E00948076 /* Date.swift */,
				53F926252BFEA00E00948076 /* DispatchQueue.swift */,
				53F926212BFEA00E00948076 /* EKEvent.swift */,
				53F926202BFEA00E00948076 /* Job.swift */,
				53F926222BFEA00E00948076 /* LosslessStringConvertible.swift */,
				53F926232BFEA00E00948076 /* Plan.swift */,
				53F9261F2BFEA00E00948076 /* Project.swift */,
				53F926282BFEA00E00948076 /* String.swift */,
				53F926262BFEA00E00948076 /* View.swift */,
				53D4CBCD2BFE97CC00AFEDEA /* CoreData */,
				53D4CBC92BFE955000AFEDEA /* SaveSource.swift */,
				53D4CBC42BFE94C900AFEDEA /* CustomPickerItem.swift */,
				53D4CBC32BFE94C900AFEDEA /* DateHelper.swift */,
				53D4CBB12BFE94A200AFEDEA /* CoreDataCalendarEvent.swift */,
				53D4CBB72BFE94A300AFEDEA /* CoreDataCompanies.swift */,
				53D4CBB62BFE94A300AFEDEA /* CoreDataJob.swift */,
				53D4CBB02BFE94A200AFEDEA /* CoreDataNotes.swift */,
				53D4CBAE2BFE94A200AFEDEA /* CoreDataNoteVersions.swift */,
				53D4CBB32BFE94A300AFEDEA /* CoreDataPerson.swift */,
				53D4CBAD2BFE94A200AFEDEA /* CoreDataPlan.swift */,
				53D4CBAF2BFE94A200AFEDEA /* CoreDataProjectConfiguration.swift */,
				53D4CBB42BFE94A300AFEDEA /* CoreDataProjects.swift */,
				53D4CBB52BFE94A300AFEDEA /* CoreDataRecords.swift */,
				53D4CBB22BFE94A300AFEDEA /* CoreDataTasks.swift */,
				53D4CBAB2BFE947900AFEDEA /* Theme.swift */,
				53D4CB552BFE930100AFEDEA /* KlockWork-iOS */,
				53D4CB542BFE930100AFEDEA /* Products */,
			);
			sourceTree = "<group>";
		};
		53D4CB542BFE930100AFEDEA /* Products */ = {
			isa = PBXGroup;
			children = (
				53D4CB532BFE930100AFEDEA /* KlockWork-iOS.app */,
			);
			name = Products;
			sourceTree = "<group>";
		};
		53D4CB552BFE930100AFEDEA /* KlockWork-iOS */ = {
			isa = PBXGroup;
			children = (
				53E3A26F2C098DEE004A85C3 /* Forms */,
				532441692C05354A00659F14 /* Extensions */,
				539135012C03EF0300B48494 /* Libraries */,
				539134E82C0269A200B48494 /* SharedEnums */,
				537582D32C00338E00CB528C /* SharedViews */,
				537582CF2BFFFB7300CB528C /* Info.plist */,
				53D4CB562BFE930100AFEDEA /* KlockWork_iOSApp.swift */,
				53D4CB7A2BFE93B000AFEDEA /* Entities */,
				53D4CB6A2BFE93B000AFEDEA /* Main.swift */,
				53D4CB6F2BFE93B000AFEDEA /* Pages */,
				53D4CB612BFE930300AFEDEA /* KlockWork_iOS.entitlements */,
				53D4CB622BFE930300AFEDEA /* Preview Content */,
			);
			path = "KlockWork-iOS";
			sourceTree = "<group>";
		};
		53D4CB622BFE930300AFEDEA /* Preview Content */ = {
			isa = PBXGroup;
			children = (
				53D4CB632BFE930300AFEDEA /* Preview Assets.xcassets */,
			);
			path = "Preview Content";
			sourceTree = "<group>";
		};
		53D4CB6F2BFE93B000AFEDEA /* Pages */ = {
			isa = PBXGroup;
			children = (
				53D4CB6B2BFE93B000AFEDEA /* AppSettings.swift */,
				53D4CB6C2BFE93B000AFEDEA /* Explore.swift */,
				53D4CB6D2BFE93B000AFEDEA /* Planning.swift */,
				53D4CB6E2BFE93B000AFEDEA /* Today.swift */,
				539134F12C03879E00B48494 /* Find.swift */,
			);
			path = Pages;
			sourceTree = "<group>";
		};
		53D4CB752BFE93B000AFEDEA /* Detail */ = {
			isa = PBXGroup;
			children = (
				53D4CB702BFE93B000AFEDEA /* CompanyDetail.swift */,
				53D4CB712BFE93B000AFEDEA /* Item.swift */,
				53D4CB722BFE93B000AFEDEA /* JobDetail.swift */,
				53D4CB732BFE93B000AFEDEA /* NoteDetail.swift */,
				53D4CB742BFE93B000AFEDEA /* TaskDetail.swift */,
				537582CB2BFFD70D00CB528C /* RecordDetail.swift */,
				539134EB2C02883000B48494 /* PersonDetail.swift */,
				539134ED2C028F6900B48494 /* ProjectDetail.swift */,
			);
			path = Detail;
			sourceTree = "<group>";
		};
		53D4CB7A2BFE93B000AFEDEA /* Entities */ = {
			isa = PBXGroup;
			children = (
				53D4CB752BFE93B000AFEDEA /* Detail */,
				53D4CB762BFE93B000AFEDEA /* Companies.swift */,
				53D4CB772BFE93B000AFEDEA /* Jobs.swift */,
				53D4CB782BFE93B000AFEDEA /* Notes.swift */,
				53D4CB792BFE93B000AFEDEA /* Tasks.swift */,
				539134F32C0391F000B48494 /* Projects.swift */,
				539134F52C039F2600B48494 /* People.swift */,
				539134F72C039F3100B48494 /* Records.swift */,
			);
			path = Entities;
			sourceTree = "<group>";
		};
		53D4CBCD2BFE97CC00AFEDEA /* CoreData */ = {
			isa = PBXGroup;
			children = (
				53D4CBCB2BFE97CC00AFEDEA /* Data.xcdatamodeld */,
				53D4CBCC2BFE97CC00AFEDEA /* PersistenceController.swift */,
			);
			name = CoreData;
			path = ../../DLPrototype/DLPrototype/CoreData;
			sourceTree = "<group>";
		};
		53E3A26F2C098DEE004A85C3 /* Forms */ = {
			isa = PBXGroup;
			children = (
				53E3A26D2C098DA8004A85C3 /* AssessmentFactorForm.swift */,
			);
			path = Forms;
			sourceTree = "<group>";
		};
		53E50C072C0E5F4800A85FDC /* Assessment */ = {
			isa = PBXGroup;
			children = (
				53E50C0D2C0E602F00A85FDC /* Views */,
				53E50C0C2C0E600800A85FDC /* Factors */,
				5324416E2C067F5D00659F14 /* Assessment.swift */,
				53E50C082C0E5F5800A85FDC /* Assessables.swift */,
			);
			path = Assessment;
			sourceTree = "<group>";
		};
		53E50C0C2C0E600800A85FDC /* Factors */ = {
			isa = PBXGroup;
			children = (
				53E50C0A2C0E5FA400A85FDC /* FactorProxy.swift */,
				53E50C1A2C0E635A00A85FDC /* Factors.swift */,
				53E50C1C2C0E638100A85FDC /* Factor.swift */,
			);
			path = Factors;
			sourceTree = "<group>";
		};
		53E50C0D2C0E602F00A85FDC /* Views */ = {
			isa = PBXGroup;
			children = (
				53E50C102C0E60A800A85FDC /* Month.swift */,
				53E50C122C0E60ED00A85FDC /* Day.swift */,
				53E50C142C0E617100A85FDC /* Panel.swift */,
				53E50C162C0E619C00A85FDC /* OverviewWidget.swift */,
				53E50C182C0E61DB00A85FDC /* Legend.swift */,
			);
			path = Views;
			sourceTree = "<group>";
		};
/* End PBXGroup section */

/* Begin PBXNativeTarget section */
		53D4CB522BFE930100AFEDEA /* KlockWork-iOS */ = {
			isa = PBXNativeTarget;
			buildConfigurationList = 53D4CB672BFE930300AFEDEA /* Build configuration list for PBXNativeTarget "KlockWork-iOS" */;
			buildPhases = (
				53D4CB4F2BFE930100AFEDEA /* Sources */,
				53D4CB502BFE930100AFEDEA /* Frameworks */,
				53D4CB512BFE930100AFEDEA /* Resources */,
			);
			buildRules = (
			);
			dependencies = (
			);
			name = "KlockWork-iOS";
			productName = "KlockWork-iOS";
			productReference = 53D4CB532BFE930100AFEDEA /* KlockWork-iOS.app */;
			productType = "com.apple.product-type.application";
		};
/* End PBXNativeTarget section */

/* Begin PBXProject section */
		53D4CB4B2BFE930100AFEDEA /* Project object */ = {
			isa = PBXProject;
			attributes = {
				BuildIndependentTargetsInParallel = 1;
				LastSwiftUpdateCheck = 1540;
				LastUpgradeCheck = 1540;
				TargetAttributes = {
					53D4CB522BFE930100AFEDEA = {
						CreatedOnToolsVersion = 15.4;
					};
				};
			};
			buildConfigurationList = 53D4CB4E2BFE930100AFEDEA /* Build configuration list for PBXProject "KlockWork-iOS" */;
			compatibilityVersion = "Xcode 14.0";
			developmentRegion = en;
			hasScannedForEncodings = 0;
			knownRegions = (
				en,
				Base,
			);
			mainGroup = 53D4CB4A2BFE930100AFEDEA;
			productRefGroup = 53D4CB542BFE930100AFEDEA /* Products */;
			projectDirPath = "";
			projectRoot = "";
			targets = (
				53D4CB522BFE930100AFEDEA /* KlockWork-iOS */,
			);
		};
/* End PBXProject section */

/* Begin PBXResourcesBuildPhase section */
		53D4CB512BFE930100AFEDEA /* Resources */ = {
			isa = PBXResourcesBuildPhase;
			buildActionMask = 2147483647;
			files = (
				53F926342BFEA0F900948076 /* Assets.xcassets in Resources */,
				53D4CB642BFE930300AFEDEA /* Preview Assets.xcassets in Resources */,
			);
			runOnlyForDeploymentPostprocessing = 0;
		};
/* End PBXResourcesBuildPhase section */

/* Begin PBXSourcesBuildPhase section */
		53D4CB4F2BFE930100AFEDEA /* Sources */ = {
			isa = PBXSourcesBuildPhase;
			buildActionMask = 2147483647;
			files = (
				53E3A26B2C098A50004A85C3 /* CDAssessmentFactor.swift in Sources */,
				539134FA2C03A38500B48494 /* SearchLanguage.swift in Sources */,
				53E50C1B2C0E635A00A85FDC /* Factors.swift in Sources */,
				537582CE2BFFEB7500CB528C /* EdgeBorder.swift in Sources */,
				537582C72BFFB37900CB528C /* Data.xcdatamodeld in Sources */,
				53E50C0F2C0E607600A85FDC /* ActivityWeight.swift in Sources */,
				539134EA2C0269B600B48494 /* EntityType.swift in Sources */,
				53F926292BFEA00E00948076 /* Project.swift in Sources */,
				53F9262A2BFEA00E00948076 /* Job.swift in Sources */,
				53E50C112C0E60A800A85FDC /* Month.swift in Sources */,
				53F9262B2BFEA00E00948076 /* EKEvent.swift in Sources */,
				53F9262C2BFEA00E00948076 /* LosslessStringConvertible.swift in Sources */,
				53E50C152C0E617100A85FDC /* Panel.swift in Sources */,
				53E50C132C0E60ED00A85FDC /* Day.swift in Sources */,
				53F9262D2BFEA00E00948076 /* Plan.swift in Sources */,
				53F9262E2BFEA00E00948076 /* Color.swift in Sources */,
				53F9262F2BFEA00E00948076 /* DispatchQueue.swift in Sources */,
				53F926302BFEA00E00948076 /* View.swift in Sources */,
				53E50C1D2C0E638100A85FDC /* Factor.swift in Sources */,
				53F926312BFEA00E00948076 /* Date.swift in Sources */,
				53F926322BFEA00E00948076 /* String.swift in Sources */,
				53F926062BFE9BF300948076 /* CoreDataCalendarEvent.swift in Sources */,
				53F926072BFE9BF300948076 /* CoreDataCompanies.swift in Sources */,
				539134EC2C02883000B48494 /* PersonDetail.swift in Sources */,
				53F926082BFE9BF300948076 /* CoreDataJob.swift in Sources */,
				532441662C04428700659F14 /* Titlebar.swift in Sources */,
				53F926092BFE9BF300948076 /* CoreDataNotes.swift in Sources */,
				53E50C092C0E5F5800A85FDC /* Assessables.swift in Sources */,
				53F9260A2BFE9BF300948076 /* CoreDataNoteVersions.swift in Sources */,
				53F9260B2BFE9BF300948076 /* CoreDataPerson.swift in Sources */,
				53F9260C2BFE9BF300948076 /* CoreDataPlan.swift in Sources */,
				53F9260D2BFE9BF300948076 /* CoreDataProjectConfiguration.swift in Sources */,
				5324416F2C067F5D00659F14 /* Assessment.swift in Sources */,
				5324416D2C06485800659F14 /* ActivityCalendar.swift in Sources */,
				53F9260E2BFE9BF300948076 /* CoreDataProjects.swift in Sources */,
				53F9260F2BFE9BF400948076 /* CoreDataRecords.swift in Sources */,
				53F926102BFE9BF400948076 /* CoreDataTasks.swift in Sources */,
				53E3A26E2C098DA8004A85C3 /* AssessmentFactorForm.swift in Sources */,
				537582D52C0033B800CB528C /* Tabs.swift in Sources */,
				53F926042BFE9B2400948076 /* PersistenceController.swift in Sources */,
				539134F02C02C44000B48494 /* Swipe.swift in Sources */,
				53D4CBCA2BFE955000AFEDEA /* SaveSource.swift in Sources */,
				53D4CBC52BFE94C900AFEDEA /* DateHelper.swift in Sources */,
				539134FE2C03AA4F00B48494 /* QueryFieldSelectJob.swift in Sources */,
				53D4CBC62BFE94C900AFEDEA /* CustomPickerItem.swift in Sources */,
				5387AE892C0143D100EEC581 /* SearchBar.swift in Sources */,
				539135052C040D7500B48494 /* MiniTitleBar.swift in Sources */,
				53D4CBAC2BFE947900AFEDEA /* Theme.swift in Sources */,
				539134FC2C03A8EC00B48494 /* QueryField.swift in Sources */,
				53D4CB7E2BFE93B000AFEDEA /* Planning.swift in Sources */,
				53E50C0B2C0E5FA400A85FDC /* FactorProxy.swift in Sources */,
				536E4F692C0D77A600FDC1F4 /* ActionType.swift in Sources */,
				539134F22C03879E00B48494 /* Find.swift in Sources */,
				53D4CB872BFE93B000AFEDEA /* Notes.swift in Sources */,
				53D4CB7F2BFE93B000AFEDEA /* Today.swift in Sources */,
				53D4CB7B2BFE93B000AFEDEA /* Main.swift in Sources */,
				537582D72C004A9600CB528C /* StatusMessage.swift in Sources */,
				53D4CB572BFE930100AFEDEA /* KlockWork_iOSApp.swift in Sources */,
				53E50C1F2C0E6ABE00A85FDC /* Rainbow.swift in Sources */,
				532441682C0531C800659F14 /* Rollups.swift in Sources */,
				539134F62C039F2600B48494 /* People.swift in Sources */,
				539135002C03AD9A00B48494 /* ListRow.swift in Sources */,
				53D4CB832BFE93B000AFEDEA /* NoteDetail.swift in Sources */,
				53D4CB852BFE93B000AFEDEA /* Companies.swift in Sources */,
				53D4CB842BFE93B000AFEDEA /* TaskDetail.swift in Sources */,
				53E50C172C0E619C00A85FDC /* OverviewWidget.swift in Sources */,
				53D4CB862BFE93B000AFEDEA /* Jobs.swift in Sources */,
				53D4CB812BFE93B000AFEDEA /* Item.swift in Sources */,
				53D4CB7D2BFE93B000AFEDEA /* Explore.swift in Sources */,
				53E50C192C0E61DB00A85FDC /* Legend.swift in Sources */,
				539134EE2C028F6900B48494 /* ProjectDetail.swift in Sources */,
				539134F82C039F3100B48494 /* Records.swift in Sources */,
				537582CC2BFFD70D00CB528C /* RecordDetail.swift in Sources */,
				539134F42C0391F000B48494 /* Projects.swift in Sources */,
				53D4CB7C2BFE93B000AFEDEA /* AppSettings.swift in Sources */,
				53D4CB802BFE93B000AFEDEA /* CompanyDetail.swift in Sources */,
				539135032C03EF6E00B48494 /* SearchLibrary.swift in Sources */,
				53E3A2672C06B4DA004A85C3 /* Trends.swift in Sources */,
				53D4CB882BFE93B000AFEDEA /* Tasks.swift in Sources */,
				53D4CB822BFE93B000AFEDEA /* JobDetail.swift in Sources */,
			);
			runOnlyForDeploymentPostprocessing = 0;
		};
/* End PBXSourcesBuildPhase section */

/* Begin XCBuildConfiguration section */
		53D4CB652BFE930300AFEDEA /* Debug */ = {
			isa = XCBuildConfiguration;
			buildSettings = {
				ALWAYS_SEARCH_USER_PATHS = NO;
				ASSETCATALOG_COMPILER_GENERATE_SWIFT_ASSET_SYMBOL_EXTENSIONS = YES;
				CLANG_ANALYZER_NONNULL = YES;
				CLANG_ANALYZER_NUMBER_OBJECT_CONVERSION = YES_AGGRESSIVE;
				CLANG_CXX_LANGUAGE_STANDARD = "gnu++20";
				CLANG_ENABLE_MODULES = YES;
				CLANG_ENABLE_OBJC_ARC = YES;
				CLANG_ENABLE_OBJC_WEAK = YES;
				CLANG_WARN_BLOCK_CAPTURE_AUTORELEASING = YES;
				CLANG_WARN_BOOL_CONVERSION = YES;
				CLANG_WARN_COMMA = YES;
				CLANG_WARN_CONSTANT_CONVERSION = YES;
				CLANG_WARN_DEPRECATED_OBJC_IMPLEMENTATIONS = YES;
				CLANG_WARN_DIRECT_OBJC_ISA_USAGE = YES_ERROR;
				CLANG_WARN_DOCUMENTATION_COMMENTS = YES;
				CLANG_WARN_EMPTY_BODY = YES;
				CLANG_WARN_ENUM_CONVERSION = YES;
				CLANG_WARN_INFINITE_RECURSION = YES;
				CLANG_WARN_INT_CONVERSION = YES;
				CLANG_WARN_NON_LITERAL_NULL_CONVERSION = YES;
				CLANG_WARN_OBJC_IMPLICIT_RETAIN_SELF = YES;
				CLANG_WARN_OBJC_LITERAL_CONVERSION = YES;
				CLANG_WARN_OBJC_ROOT_CLASS = YES_ERROR;
				CLANG_WARN_QUOTED_INCLUDE_IN_FRAMEWORK_HEADER = YES;
				CLANG_WARN_RANGE_LOOP_ANALYSIS = YES;
				CLANG_WARN_STRICT_PROTOTYPES = YES;
				CLANG_WARN_SUSPICIOUS_MOVE = YES;
				CLANG_WARN_UNGUARDED_AVAILABILITY = YES_AGGRESSIVE;
				CLANG_WARN_UNREACHABLE_CODE = YES;
				CLANG_WARN__DUPLICATE_METHOD_MATCH = YES;
				COPY_PHASE_STRIP = NO;
				DEBUG_INFORMATION_FORMAT = dwarf;
				ENABLE_STRICT_OBJC_MSGSEND = YES;
				ENABLE_TESTABILITY = YES;
				ENABLE_USER_SCRIPT_SANDBOXING = YES;
				GCC_C_LANGUAGE_STANDARD = gnu17;
				GCC_DYNAMIC_NO_PIC = NO;
				GCC_NO_COMMON_BLOCKS = YES;
				GCC_OPTIMIZATION_LEVEL = 0;
				GCC_PREPROCESSOR_DEFINITIONS = (
					"DEBUG=1",
					"$(inherited)",
				);
				GCC_WARN_64_TO_32_BIT_CONVERSION = YES;
				GCC_WARN_ABOUT_RETURN_TYPE = YES_ERROR;
				GCC_WARN_UNDECLARED_SELECTOR = YES;
				GCC_WARN_UNINITIALIZED_AUTOS = YES_AGGRESSIVE;
				GCC_WARN_UNUSED_FUNCTION = YES;
				GCC_WARN_UNUSED_VARIABLE = YES;
				LOCALIZATION_PREFERS_STRING_CATALOGS = YES;
				MTL_ENABLE_DEBUG_INFO = INCLUDE_SOURCE;
				MTL_FAST_MATH = YES;
				ONLY_ACTIVE_ARCH = YES;
				SWIFT_ACTIVE_COMPILATION_CONDITIONS = "DEBUG $(inherited)";
				SWIFT_OPTIMIZATION_LEVEL = "-Onone";
			};
			name = Debug;
		};
		53D4CB662BFE930300AFEDEA /* Release */ = {
			isa = XCBuildConfiguration;
			buildSettings = {
				ALWAYS_SEARCH_USER_PATHS = NO;
				ASSETCATALOG_COMPILER_GENERATE_SWIFT_ASSET_SYMBOL_EXTENSIONS = YES;
				CLANG_ANALYZER_NONNULL = YES;
				CLANG_ANALYZER_NUMBER_OBJECT_CONVERSION = YES_AGGRESSIVE;
				CLANG_CXX_LANGUAGE_STANDARD = "gnu++20";
				CLANG_ENABLE_MODULES = YES;
				CLANG_ENABLE_OBJC_ARC = YES;
				CLANG_ENABLE_OBJC_WEAK = YES;
				CLANG_WARN_BLOCK_CAPTURE_AUTORELEASING = YES;
				CLANG_WARN_BOOL_CONVERSION = YES;
				CLANG_WARN_COMMA = YES;
				CLANG_WARN_CONSTANT_CONVERSION = YES;
				CLANG_WARN_DEPRECATED_OBJC_IMPLEMENTATIONS = YES;
				CLANG_WARN_DIRECT_OBJC_ISA_USAGE = YES_ERROR;
				CLANG_WARN_DOCUMENTATION_COMMENTS = YES;
				CLANG_WARN_EMPTY_BODY = YES;
				CLANG_WARN_ENUM_CONVERSION = YES;
				CLANG_WARN_INFINITE_RECURSION = YES;
				CLANG_WARN_INT_CONVERSION = YES;
				CLANG_WARN_NON_LITERAL_NULL_CONVERSION = YES;
				CLANG_WARN_OBJC_IMPLICIT_RETAIN_SELF = YES;
				CLANG_WARN_OBJC_LITERAL_CONVERSION = YES;
				CLANG_WARN_OBJC_ROOT_CLASS = YES_ERROR;
				CLANG_WARN_QUOTED_INCLUDE_IN_FRAMEWORK_HEADER = YES;
				CLANG_WARN_RANGE_LOOP_ANALYSIS = YES;
				CLANG_WARN_STRICT_PROTOTYPES = YES;
				CLANG_WARN_SUSPICIOUS_MOVE = YES;
				CLANG_WARN_UNGUARDED_AVAILABILITY = YES_AGGRESSIVE;
				CLANG_WARN_UNREACHABLE_CODE = YES;
				CLANG_WARN__DUPLICATE_METHOD_MATCH = YES;
				COPY_PHASE_STRIP = NO;
				DEBUG_INFORMATION_FORMAT = "dwarf-with-dsym";
				ENABLE_NS_ASSERTIONS = NO;
				ENABLE_STRICT_OBJC_MSGSEND = YES;
				ENABLE_USER_SCRIPT_SANDBOXING = YES;
				GCC_C_LANGUAGE_STANDARD = gnu17;
				GCC_NO_COMMON_BLOCKS = YES;
				GCC_WARN_64_TO_32_BIT_CONVERSION = YES;
				GCC_WARN_ABOUT_RETURN_TYPE = YES_ERROR;
				GCC_WARN_UNDECLARED_SELECTOR = YES;
				GCC_WARN_UNINITIALIZED_AUTOS = YES_AGGRESSIVE;
				GCC_WARN_UNUSED_FUNCTION = YES;
				GCC_WARN_UNUSED_VARIABLE = YES;
				LOCALIZATION_PREFERS_STRING_CATALOGS = YES;
				MTL_ENABLE_DEBUG_INFO = NO;
				MTL_FAST_MATH = YES;
				SWIFT_COMPILATION_MODE = wholemodule;
			};
			name = Release;
		};
		53D4CB682BFE930300AFEDEA /* Debug */ = {
			isa = XCBuildConfiguration;
			buildSettings = {
				ASSETCATALOG_COMPILER_APPICON_NAME = iOS.Beta.Icon;
				ASSETCATALOG_COMPILER_GLOBAL_ACCENT_COLOR_NAME = AccentColor;
				CODE_SIGN_ENTITLEMENTS = "KlockWork-iOS/KlockWork_iOS.entitlements";
				CODE_SIGN_STYLE = Automatic;
				CURRENT_PROJECT_VERSION = 5;
				DEVELOPMENT_ASSET_PATHS = "\"KlockWork-iOS/Preview Content\"";
				DEVELOPMENT_TEAM = 6DT7L2N5X6;
				ENABLE_HARDENED_RUNTIME = YES;
				ENABLE_PREVIEWS = YES;
				GENERATE_INFOPLIST_FILE = YES;
				INFOPLIST_FILE = "KlockWork-iOS/Info.plist";
				INFOPLIST_KEY_CFBundleDisplayName = KlockWork;
				INFOPLIST_KEY_LSApplicationCategoryType = "public.app-category.productivity";
				INFOPLIST_KEY_NSCalendarsUsageDescription = "Associate information with specific meetings";
				"INFOPLIST_KEY_UIApplicationSceneManifest_Generation[sdk=iphoneos*]" = YES;
				"INFOPLIST_KEY_UIApplicationSceneManifest_Generation[sdk=iphonesimulator*]" = YES;
				"INFOPLIST_KEY_UIApplicationSupportsIndirectInputEvents[sdk=iphoneos*]" = YES;
				"INFOPLIST_KEY_UIApplicationSupportsIndirectInputEvents[sdk=iphonesimulator*]" = YES;
				"INFOPLIST_KEY_UILaunchScreen_Generation[sdk=iphoneos*]" = YES;
				"INFOPLIST_KEY_UILaunchScreen_Generation[sdk=iphonesimulator*]" = YES;
				"INFOPLIST_KEY_UIStatusBarStyle[sdk=iphoneos*]" = UIStatusBarStyleDefault;
				"INFOPLIST_KEY_UIStatusBarStyle[sdk=iphonesimulator*]" = UIStatusBarStyleDefault;
				INFOPLIST_KEY_UISupportedInterfaceOrientations_iPad = "UIInterfaceOrientationPortrait UIInterfaceOrientationPortraitUpsideDown UIInterfaceOrientationLandscapeLeft UIInterfaceOrientationLandscapeRight";
				INFOPLIST_KEY_UISupportedInterfaceOrientations_iPhone = "UIInterfaceOrientationPortrait UIInterfaceOrientationLandscapeLeft UIInterfaceOrientationLandscapeRight";
				IPHONEOS_DEPLOYMENT_TARGET = 17.5;
				LD_RUNPATH_SEARCH_PATHS = "@executable_path/Frameworks";
				"LD_RUNPATH_SEARCH_PATHS[sdk=macosx*]" = "@executable_path/../Frameworks";
				MACOSX_DEPLOYMENT_TARGET = 14.4;
				MARKETING_VERSION = 1.0;
				PRODUCT_BUNDLE_IDENTIFIER = com.yegcollective.KWiOSStandalone;
				PRODUCT_NAME = "$(TARGET_NAME)";
				SDKROOT = auto;
				SUPPORTED_PLATFORMS = "iphoneos iphonesimulator macosx";
				SWIFT_EMIT_LOC_STRINGS = YES;
				SWIFT_VERSION = 5.0;
				TARGETED_DEVICE_FAMILY = "1,2";
			};
			name = Debug;
		};
		53D4CB692BFE930300AFEDEA /* Release */ = {
			isa = XCBuildConfiguration;
			buildSettings = {
				ASSETCATALOG_COMPILER_APPICON_NAME = iOS.Beta.Icon;
				ASSETCATALOG_COMPILER_GLOBAL_ACCENT_COLOR_NAME = AccentColor;
				CODE_SIGN_ENTITLEMENTS = "KlockWork-iOS/KlockWork_iOS.entitlements";
				CODE_SIGN_STYLE = Automatic;
				CURRENT_PROJECT_VERSION = 5;
				DEVELOPMENT_ASSET_PATHS = "\"KlockWork-iOS/Preview Content\"";
				DEVELOPMENT_TEAM = 6DT7L2N5X6;
				ENABLE_HARDENED_RUNTIME = YES;
				ENABLE_PREVIEWS = YES;
				GENERATE_INFOPLIST_FILE = YES;
				INFOPLIST_FILE = "KlockWork-iOS/Info.plist";
				INFOPLIST_KEY_CFBundleDisplayName = KlockWork;
				INFOPLIST_KEY_LSApplicationCategoryType = "public.app-category.productivity";
				INFOPLIST_KEY_NSCalendarsUsageDescription = "Associate information with specific meetings";
				"INFOPLIST_KEY_UIApplicationSceneManifest_Generation[sdk=iphoneos*]" = YES;
				"INFOPLIST_KEY_UIApplicationSceneManifest_Generation[sdk=iphonesimulator*]" = YES;
				"INFOPLIST_KEY_UIApplicationSupportsIndirectInputEvents[sdk=iphoneos*]" = YES;
				"INFOPLIST_KEY_UIApplicationSupportsIndirectInputEvents[sdk=iphonesimulator*]" = YES;
				"INFOPLIST_KEY_UILaunchScreen_Generation[sdk=iphoneos*]" = YES;
				"INFOPLIST_KEY_UILaunchScreen_Generation[sdk=iphonesimulator*]" = YES;
				"INFOPLIST_KEY_UIStatusBarStyle[sdk=iphoneos*]" = UIStatusBarStyleDefault;
				"INFOPLIST_KEY_UIStatusBarStyle[sdk=iphonesimulator*]" = UIStatusBarStyleDefault;
				INFOPLIST_KEY_UISupportedInterfaceOrientations_iPad = "UIInterfaceOrientationPortrait UIInterfaceOrientationPortraitUpsideDown UIInterfaceOrientationLandscapeLeft UIInterfaceOrientationLandscapeRight";
				INFOPLIST_KEY_UISupportedInterfaceOrientations_iPhone = "UIInterfaceOrientationPortrait UIInterfaceOrientationLandscapeLeft UIInterfaceOrientationLandscapeRight";
				IPHONEOS_DEPLOYMENT_TARGET = 17.5;
				LD_RUNPATH_SEARCH_PATHS = "@executable_path/Frameworks";
				"LD_RUNPATH_SEARCH_PATHS[sdk=macosx*]" = "@executable_path/../Frameworks";
				MACOSX_DEPLOYMENT_TARGET = 14.4;
				MARKETING_VERSION = 1.0;
				PRODUCT_BUNDLE_IDENTIFIER = com.yegcollective.KWiOSStandalone;
				PRODUCT_NAME = "$(TARGET_NAME)";
				SDKROOT = auto;
				SUPPORTED_PLATFORMS = "iphoneos iphonesimulator macosx";
				SWIFT_EMIT_LOC_STRINGS = YES;
				SWIFT_VERSION = 5.0;
				TARGETED_DEVICE_FAMILY = "1,2";
			};
			name = Release;
		};
/* End XCBuildConfiguration section */

/* Begin XCConfigurationList section */
		53D4CB4E2BFE930100AFEDEA /* Build configuration list for PBXProject "KlockWork-iOS" */ = {
			isa = XCConfigurationList;
			buildConfigurations = (
				53D4CB652BFE930300AFEDEA /* Debug */,
				53D4CB662BFE930300AFEDEA /* Release */,
			);
			defaultConfigurationIsVisible = 0;
			defaultConfigurationName = Release;
		};
		53D4CB672BFE930300AFEDEA /* Build configuration list for PBXNativeTarget "KlockWork-iOS" */ = {
			isa = XCConfigurationList;
			buildConfigurations = (
				53D4CB682BFE930300AFEDEA /* Debug */,
				53D4CB692BFE930300AFEDEA /* Release */,
			);
			defaultConfigurationIsVisible = 0;
			defaultConfigurationName = Release;
		};
/* End XCConfigurationList section */

/* Begin XCVersionGroup section */
		537582C52BFFB37900CB528C /* Data.xcdatamodeld */ = {
			isa = XCVersionGroup;
			children = (
				537582C62BFFB37900CB528C /* Note.xcdatamodel */,
			);
			currentVersion = 537582C62BFFB37900CB528C /* Note.xcdatamodel */;
			name = Data.xcdatamodeld;
			path = /Users/prieber/Documents/CloudCode/Personal/DLPrototype/DLPrototype/CoreData/Data.xcdatamodeld;
			sourceTree = "<group>";
			versionGroupType = wrapper.xcdatamodel;
		};
		53D4CBCB2BFE97CC00AFEDEA /* Data.xcdatamodeld */ = {
			isa = XCVersionGroup;
			children = (
				53D4CBCE2BFE97CC00AFEDEA /* Note.xcdatamodel */,
			);
			currentVersion = 53D4CBCE2BFE97CC00AFEDEA /* Note.xcdatamodel */;
			name = Data.xcdatamodeld;
			path = /Users/prieber/Code/Personal/DLPrototype/DLPrototype/CoreData/Data.xcdatamodeld;
			sourceTree = "<group>";
			versionGroupType = wrapper.xcdatamodel;
		};
/* End XCVersionGroup section */
	};
	rootObject = 53D4CB4B2BFE930100AFEDEA /* Project object */;
}
